<Solution>
  <Folder Name="/A2A/">
    <Project Path="A2A/TravelPlanner/HotelAgentServer/HotelAgentServer.csproj" />
    <Project Path="A2A/TravelPlanner/PlanAgentServer/PlanAgentServer.csproj" />
    <Project Path="A2A/TravelPlanner/TravelPlannerClient/TravelPlannerClient.csproj" />
    <Project Path="A2A/TravelPlanner/WeatherAgentServer/WeatherAgentServer.csproj" />
  </Folder>
  <Project Path="Harness\Harness_Step01_Research\Harness_Step01_Research.csproj" />
</Solution>
